{
  "models": [
    {
      "alias": "mistral-7b-instruct-v0.3",
      "filename": "mistral-7b-instruct-v0.3.Q5_K_M.gguf",
      "url": "https://huggingface.co/MaziyarPanahi/Mistral-7B-Instruct-v0.3-GGUF/resolve/main/Mistral-7B-Instruct-v0.3.Q5_K_M.gguf",
      "sha256": "16617265368ffaa5f0c67b320a1df4b40b0c8e990a91cf5722fc2159e65f559f",
      "size_bytes_approx": 5136175264,
      "role": "completions"
    },
    {
      "alias": "bge-m3",
      "filename": "bge-m3-FP16.gguf",
      "url": "https://huggingface.co/gpustack/bge-m3-GGUF/resolve/main/bge-m3-FP16.gguf",
      "sha256": "daec91ffb5dd0c27411bd71f29932917c49cf529a641d0168496c3a501e3062c",
      "size_bytes_approx": 1157671200,
      "role": "embeddings"
    }
  ]
}
